// !$*UTF8*$!
{
	archiveVersion = 1;
	classes = {
	};
	objectVersion = 56;
	objects = {

/* Begin PBXBuildFile section */
		414FCAD729D5776800F31776 /* StayHydratedApp.swift in Sources */ = {isa = PBXBuildFile; fileRef = 414FCAD629D5776800F31776 /* StayHydratedApp.swift */; };
		414FCAD929D5776800F31776 /* ContentView.swift in Sources */ = {isa = PBXBuildFile; fileRef = 414FCAD829D5776800F31776 /* ContentView.swift */; };
		414FCADB29D5776900F31776 /* Assets.xcassets in Resources */ = {isa = PBXBuildFile; fileRef = 414FCADA29D5776900F31776 /* Assets.xcassets */; };
		414FCADE29D5776900F31776 /* Preview Assets.xcassets in Resources */ = {isa = PBXBuildFile; fileRef = 414FCADD29D5776900F31776 /* Preview Assets.xcassets */; };
		CF05464F2A028980008A867B /* UserView.swift in Sources */ = {isa = PBXBuildFile; fileRef = CF05464E2A028980008A867B /* UserView.swift */; };
		CF0546512A02898A008A867B /* HomeView.swift in Sources */ = {isa = PBXBuildFile; fileRef = CF0546502A02898A008A867B /* HomeView.swift */; };
		CF0546532A0289AA008A867B /* FirstLogView.swift in Sources */ = {isa = PBXBuildFile; fileRef = CF0546522A0289AA008A867B /* FirstLogView.swift */; };
		CF0546552A0289C6008A867B /* StatsView.swift in Sources */ = {isa = PBXBuildFile; fileRef = CF0546542A0289C6008A867B /* StatsView.swift */; };
/* End PBXBuildFile section */

/* Begin PBXFileReference section */
		414FCAD329D5776800F31776 /* StayHydrated.app */ = {isa = PBXFileReference; explicitFileType = wrapper.application; includeInIndex = 0; path = StayHydrated.app; sourceTree = BUILT_PRODUCTS_DIR; };
		414FCAD629D5776800F31776 /* StayHydratedApp.swift */ = {isa = PBXFileReference; lastKnownFileType = sourcecode.swift; path = StayHydratedApp.swift; sourceTree = "<group>"; };
		414FCAD829D5776800F31776 /* ContentView.swift */ = {isa = PBXFileReference; lastKnownFileType = sourcecode.swift; path = ContentView.swift; sourceTree = "<group>"; };
		414FCADA29D5776900F31776 /* Assets.xcassets */ = {isa = PBXFileReference; lastKnownFileType = folder.assetcatalog; path = Assets.xcassets; sourceTree = "<group>"; };
		414FCADD29D5776900F31776 /* Preview Assets.xcassets */ = {isa = PBXFileReference; lastKnownFileType = folder.assetcatalog; path = "Preview Assets.xcassets"; sourceTree = "<group>"; };
		CF05464E2A028980008A867B /* UserView.swift */ = {isa = PBXFileReference; lastKnownFileType = sourcecode.swift; path = UserView.swift; sourceTree = "<group>"; };
		CF0546502A02898A008A867B /* HomeView.swift */ = {isa = PBXFileReference; lastKnownFileType = sourcecode.swift; path = HomeView.swift; sourceTree = "<group>"; };
		CF0546522A0289AA008A867B /* FirstLogView.swift */ = {isa = PBXFileReference; lastKnownFileType = sourcecode.swift; path = FirstLogView.swift; sourceTree = "<group>"; };
		CF0546542A0289C6008A867B /* StatsView.swift */ = {isa = PBXFileReference; lastKnownFileType = sourcecode.swift; path = StatsView.swift; sourceTree = "<group>"; };
/* End PBXFileReference section */

/* Begin PBXFrameworksBuildPhase section */
		414FCAD029D5776800F31776 /* Frameworks */ = {
			isa = PBXFrameworksBuildPhase;
			buildActionMask = 2147483647;
			files = (
			);
			runOnlyForDeploymentPostprocessing = 0;
		};
/* End PBXFrameworksBuildPhase section */

/* Begin PBXGroup section */
		414FCACA29D5776800F31776 = {
			isa = PBXGroup;
			children = (
				414FCAD529D5776800F31776 /* StayHydrated */,
				414FCAD429D5776800F31776 /* Products */,
			);
			sourceTree = "<group>";
		};
		414FCAD429D5776800F31776 /* Products */ = {
			isa = PBXGroup;
			children = (
				414FCAD329D5776800F31776 /* StayHydrated.app */,
			);
			name = Products;
			sourceTree = "<group>";
		};
		414FCAD529D5776800F31776 /* StayHydrated */ = {
			isa = PBXGroup;
			children = (
				CF0546492A028883008A867B /* View */,
				414FCAD629D5776800F31776 /* StayHydratedApp.swift */,
				414FCAD829D5776800F31776 /* ContentView.swift */,
				414FCADA29D5776900F31776 /* Assets.xcassets */,
				414FCADC29D5776900F31776 /* Preview Content */,
			);
			path = StayHydrated;
			sourceTree = "<group>";
		};
		414FCADC29D5776900F31776 /* Preview Content */ = {
			isa = PBXGroup;
			children = (
				414FCADD29D5776900F31776 /* Preview Assets.xcassets */,
			);
			path = "Preview Content";
			sourceTree = "<group>";
		};
		CF0546492A028883008A867B /* View */ = {
			isa = PBXGroup;
			children = (
				CF05464E2A028980008A867B /* UserView.swift */,
				CF0546502A02898A008A867B /* HomeView.swift */,
				CF0546522A0289AA008A867B /* FirstLogView.swift */,
				CF0546542A0289C6008A867B /* StatsView.swift */,
			);
			path = View;
			sourceTree = "<group>";
		};
/* End PBXGroup section */

/* Begin PBXNativeTarget section */
		414FCAD229D5776800F31776 /* StayHydrated */ = {
			isa = PBXNativeTarget;
			buildConfigurationList = 414FCAE129D5776900F31776 /* Build configuration list for PBXNativeTarget "StayHydrated" */;
			buildPhases = (
				414FCACF29D5776800F31776 /* Sources */,
				414FCAD029D5776800F31776 /* Frameworks */,
				414FCAD129D5776800F31776 /* Resources */,
			);
			buildRules = (
			);
			dependencies = (
			);
			name = StayHydrated;
			productName = StayHydrated;
			productReference = 414FCAD329D5776800F31776 /* StayHydrated.app */;
			productType = "com.apple.product-type.application";
		};
/* End PBXNativeTarget section */

/* Begin PBXProject section */
		414FCACB29D5776800F31776 /* Project object */ = {
			isa = PBXProject;
			attributes = {
				BuildIndependentTargetsInParallel = 1;
				LastSwiftUpdateCheck = 1420;
				LastUpgradeCheck = 1420;
				TargetAttributes = {
					414FCAD229D5776800F31776 = {
						CreatedOnToolsVersion = 14.2;
					};
				};
			};
			buildConfigurationList = 414FCACE29D5776800F31776 /* Build configuration list for PBXProject "StayHydrated" */;
			compatibilityVersion = "Xcode 14.0";
			developmentRegion = en;
			hasScannedForEncodings = 0;
			knownRegions = (
				en,
				Base,
			);
			mainGroup = 414FCACA29D5776800F31776;
			productRefGroup = 414FCAD429D5776800F31776 /* Products */;
			projectDirPath = "";
			projectRoot = "";
			targets = (
				414FCAD229D5776800F31776 /* StayHydrated */,
			);
		};
/* End PBXProject section */

/* Begin PBXResourcesBuildPhase section */
		414FCAD129D5776800F31776 /* Resources */ = {
			isa = PBXResourcesBuildPhase;
			buildActionMask = 2147483647;
			files = (
				414FCADE29D5776900F31776 /* Preview Assets.xcassets in Resources */,
				414FCADB29D5776900F31776 /* Assets.xcassets in Resources */,
			);
			runOnlyForDeploymentPostprocessing = 0;
		};
/* End PBXResourcesBuildPhase section */

/* Begin PBXSourcesBuildPhase section */
		414FCACF29D5776800F31776 /* Sources */ = {
			isa = PBXSourcesBuildPhase;
			buildActionMask = 2147483647;
			files = (
				414FCAD929D5776800F31776 /* ContentView.swift in Sources */,
				CF0546512A02898A008A867B /* HomeView.swift in Sources */,
				CF0546552A0289C6008A867B /* StatsView.swift in Sources */,
				CF0546532A0289AA008A867B /* FirstLogView.swift in Sources */,
				CF05464F2A028980008A867B /* UserView.swift in Sources */,
				414FCAD729D5776800F31776 /* StayHydratedApp.swift in Sources */,
			);
			runOnlyForDeploymentPostprocessing = 0;
		};
/* End PBXSourcesBuildPhase section */

/* Begin XCBuildConfiguration section */
		414FCADF29D5776900F31776 /* Debug */ = {
			isa = XCBuildConfiguration;
			buildSettings = {
				ALWAYS_SEARCH_USER_PATHS = NO;
				CLANG_ANALYZER_NONNULL = YES;
				CLANG_ANALYZER_NUMBER_OBJECT_CONVERSION = YES_AGGRESSIVE;
				CLANG_CXX_LANGUAGE_STANDARD = "gnu++20";
				CLANG_ENABLE_MODULES = YES;
				CLANG_ENABLE_OBJC_ARC = YES;
				CLANG_ENABLE_OBJC_WEAK = YES;
				CLANG_WARN_BLOCK_CAPTURE_AUTORELEASING = YES;
				CLANG_WARN_BOOL_CONVERSION = YES;
				CLANG_WARN_COMMA = YES;
				CLANG_WARN_CONSTANT_CONVERSION = YES;
				CLANG_WARN_DEPRECATED_OBJC_IMPLEMENTATIONS = YES;
				CLANG_WARN_DIRECT_OBJC_ISA_USAGE = YES_ERROR;
				CLANG_WARN_DOCUMENTATION_COMMENTS = YES;
				CLANG_WARN_EMPTY_BODY = YES;
				CLANG_WARN_ENUM_CONVERSION = YES;
				CLANG_WARN_INFINITE_RECURSION = YES;
				CLANG_WARN_INT_CONVERSION = YES;
				CLANG_WARN_NON_LITERAL_NULL_CONVERSION = YES;
				CLANG_WARN_OBJC_IMPLICIT_RETAIN_SELF = YES;
				CLANG_WARN_OBJC_LITERAL_CONVERSION = YES;
				CLANG_WARN_OBJC_ROOT_CLASS = YES_ERROR;
				CLANG_WARN_QUOTED_INCLUDE_IN_FRAMEWORK_HEADER = YES;
				CLANG_WARN_RANGE_LOOP_ANALYSIS = YES;
				CLANG_WARN_STRICT_PROTOTYPES = YES;
				CLANG_WARN_SUSPICIOUS_MOVE = YES;
				CLANG_WARN_UNGUARDED_AVAILABILITY = YES_AGGRESSIVE;
				CLANG_WARN_UNREACHABLE_CODE = YES;
				CLANG_WARN__DUPLICATE_METHOD_MATCH = YES;
				COPY_PHASE_STRIP = NO;
				DEBUG_INFORMATION_FORMAT = dwarf;
				ENABLE_STRICT_OBJC_MSGSEND = YES;
				ENABLE_TESTABILITY = YES;
				GCC_C_LANGUAGE_STANDARD = gnu11;
				GCC_DYNAMIC_NO_PIC = NO;
				GCC_NO_COMMON_BLOCKS = YES;
				GCC_OPTIMIZATION_LEVEL = 0;
				GCC_PREPROCESSOR_DEFINITIONS = (
					"DEBUG=1",
					"$(inherited)",
				);
				GCC_WARN_64_TO_32_BIT_CONVERSION = YES;
				GCC_WARN_ABOUT_RETURN_TYPE = YES_ERROR;
				GCC_WARN_UNDECLARED_SELECTOR = YES;
				GCC_WARN_UNINITIALIZED_AUTOS = YES_AGGRESSIVE;
				GCC_WARN_UNUSED_FUNCTION = YES;
				GCC_WARN_UNUSED_VARIABLE = YES;
				IPHONEOS_DEPLOYMENT_TARGET = 16.2;
				MTL_ENABLE_DEBUG_INFO = INCLUDE_SOURCE;
				MTL_FAST_MATH = YES;
				ONLY_ACTIVE_ARCH = YES;
				SDKROOT = iphoneos;
				SWIFT_ACTIVE_COMPILATION_CONDITIONS = DEBUG;
				SWIFT_OPTIMIZATION_LEVEL = "-Onone";
			};
			name = Debug;
		};
		414FCAE029D5776900F31776 /* Release */ = {
			isa = XCBuildConfiguration;
			buildSettings = {
				ALWAYS_SEARCH_USER_PATHS = NO;
				CLANG_ANALYZER_NONNULL = YES;
				CLANG_ANALYZER_NUMBER_OBJECT_CONVERSION = YES_AGGRESSIVE;
				CLANG_CXX_LANGUAGE_STANDARD = "gnu++20";
				CLANG_ENABLE_MODULES = YES;
				CLANG_ENABLE_OBJC_ARC = YES;
				CLANG_ENABLE_OBJC_WEAK = YES;
				CLANG_WARN_BLOCK_CAPTURE_AUTORELEASING = YES;
				CLANG_WARN_BOOL_CONVERSION = YES;
				CLANG_WARN_COMMA = YES;
				CLANG_WARN_CONSTANT_CONVERSION = YES;
				CLANG_WARN_DEPRECATED_OBJC_IMPLEMENTATIONS = YES;
				CLANG_WARN_DIRECT_OBJC_ISA_USAGE = YES_ERROR;
				CLANG_WARN_DOCUMENTATION_COMMENTS = YES;
				CLANG_WARN_EMPTY_BODY = YES;
				CLANG_WARN_ENUM_CONVERSION = YES;
				CLANG_WARN_INFINITE_RECURSION = YES;
				CLANG_WARN_INT_CONVERSION = YES;
				CLANG_WARN_NON_LITERAL_NULL_CONVERSION = YES;
				CLANG_WARN_OBJC_IMPLICIT_RETAIN_SELF = YES;
				CLANG_WARN_OBJC_LITERAL_CONVERSION = YES;
				CLANG_WARN_OBJC_ROOT_CLASS = YES_ERROR;
				CLANG_WARN_QUOTED_INCLUDE_IN_FRAMEWORK_HEADER = YES;
				CLANG_WARN_RANGE_LOOP_ANALYSIS = YES;
				CLANG_WARN_STRICT_PROTOTYPES = YES;
				CLANG_WARN_SUSPICIOUS_MOVE = YES;
				CLANG_WARN_UNGUARDED_AVAILABILITY = YES_AGGRESSIVE;
				CLANG_WARN_UNREACHABLE_CODE = YES;
				CLANG_WARN__DUPLICATE_METHOD_MATCH = YES;
				COPY_PHASE_STRIP = NO;
				DEBUG_INFORMATION_FORMAT = "dwarf-with-dsym";
				ENABLE_NS_ASSERTIONS = NO;
				ENABLE_STRICT_OBJC_MSGSEND = YES;
				GCC_C_LANGUAGE_STANDARD = gnu11;
				GCC_NO_COMMON_BLOCKS = YES;
				GCC_WARN_64_TO_32_BIT_CONVERSION = YES;
				GCC_WARN_ABOUT_RETURN_TYPE = YES_ERROR;
				GCC_WARN_UNDECLARED_SELECTOR = YES;
				GCC_WARN_UNINITIALIZED_AUTOS = YES_AGGRESSIVE;
				GCC_WARN_UNUSED_FUNCTION = YES;
				GCC_WARN_UNUSED_VARIABLE = YES;
				IPHONEOS_DEPLOYMENT_TARGET = 16.2;
				MTL_ENABLE_DEBUG_INFO = NO;
				MTL_FAST_MATH = YES;
				SDKROOT = iphoneos;
				SWIFT_COMPILATION_MODE = wholemodule;
				SWIFT_OPTIMIZATION_LEVEL = "-O";
				VALIDATE_PRODUCT = YES;
			};
			name = Release;
		};
		414FCAE229D5776900F31776 /* Debug */ = {
			isa = XCBuildConfiguration;
			buildSettings = {
				ASSETCATALOG_COMPILER_APPICON_NAME = AppIcon;
				ASSETCATALOG_COMPILER_GLOBAL_ACCENT_COLOR_NAME = AccentColor;
				CODE_SIGN_STYLE = Automatic;
				CURRENT_PROJECT_VERSION = 1;
				DEVELOPMENT_ASSET_PATHS = "\"StayHydrated/Preview Content\"";
				ENABLE_PREVIEWS = YES;
				GENERATE_INFOPLIST_FILE = YES;
				INFOPLIST_KEY_UIApplicationSceneManifest_Generation = YES;
				INFOPLIST_KEY_UIApplicationSupportsIndirectInputEvents = YES;
				INFOPLIST_KEY_UILaunchScreen_Generation = YES;
				INFOPLIST_KEY_UISupportedInterfaceOrientations_iPad = "UIInterfaceOrientationPortrait UIInterfaceOrientationPortraitUpsideDown UIInterfaceOrientationLandscapeLeft UIInterfaceOrientationLandscapeRight";
				INFOPLIST_KEY_UISupportedInterfaceOrientations_iPhone = "UIInterfaceOrientationPortrait UIInterfaceOrientationLandscapeLeft UIInterfaceOrientationLandscapeRight";
				LD_RUNPATH_SEARCH_PATHS = (
					"$(inherited)",
					"@executable_path/Frameworks",
				);
				MARKETING_VERSION = 1.0;
				PRODUCT_BUNDLE_IDENTIFIER = Clement.StayHydrated;
				PRODUCT_NAME = "$(TARGET_NAME)";
				SWIFT_EMIT_LOC_STRINGS = YES;
				SWIFT_VERSION = 5.0;
				TARGETED_DEVICE_FAMILY = "1,2";
			};
			name = Debug;
		};
		414FCAE329D5776900F31776 /* Release */ = {
			isa = XCBuildConfiguration;
			buildSettings = {
				ASSETCATALOG_COMPILER_APPICON_NAME = AppIcon;
				ASSETCATALOG_COMPILER_GLOBAL_ACCENT_COLOR_NAME = AccentColor;
				CODE_SIGN_STYLE = Automatic;
				CURRENT_PROJECT_VERSION = 1;
				DEVELOPMENT_ASSET_PATHS = "\"StayHydrated/Preview Content\"";
				ENABLE_PREVIEWS = YES;
				GENERATE_INFOPLIST_FILE = YES;
				INFOPLIST_KEY_UIApplicationSceneManifest_Generation = YES;
				INFOPLIST_KEY_UIApplicationSupportsIndirectInputEvents = YES;
				INFOPLIST_KEY_UILaunchScreen_Generation = YES;
				INFOPLIST_KEY_UISupportedInterfaceOrientations_iPad = "UIInterfaceOrientationPortrait UIInterfaceOrientationPortraitUpsideDown UIInterfaceOrientationLandscapeLeft UIInterfaceOrientationLandscapeRight";
				INFOPLIST_KEY_UISupportedInterfaceOrientations_iPhone = "UIInterfaceOrientationPortrait UIInterfaceOrientationLandscapeLeft UIInterfaceOrientationLandscapeRight";
				LD_RUNPATH_SEARCH_PATHS = (
					"$(inherited)",
					"@executable_path/Frameworks",
				);
				MARKETING_VERSION = 1.0;
				PRODUCT_BUNDLE_IDENTIFIER = Clement.StayHydrated;
				PRODUCT_NAME = "$(TARGET_NAME)";
				SWIFT_EMIT_LOC_STRINGS = YES;
				SWIFT_VERSION = 5.0;
				TARGETED_DEVICE_FAMILY = "1,2";
			};
			name = Release;
		};
/* End XCBuildConfiguration section */

/* Begin XCConfigurationList section */
		414FCACE29D5776800F31776 /* Build configuration list for PBXProject "StayHydrated" */ = {
			isa = XCConfigurationList;
			buildConfigurations = (
				414FCADF29D5776900F31776 /* Debug */,
				414FCAE029D5776900F31776 /* Release */,
			);
			defaultConfigurationIsVisible = 0;
			defaultConfigurationName = Release;
		};
		414FCAE129D5776900F31776 /* Build configuration list for PBXNativeTarget "StayHydrated" */ = {
			isa = XCConfigurationList;
			buildConfigurations = (
				414FCAE229D5776900F31776 /* Debug */,
				414FCAE329D5776900F31776 /* Release */,
			);
			defaultConfigurationIsVisible = 0;
			defaultConfigurationName = Release;
		};
/* End XCConfigurationList section */
	};
	rootObject = 414FCACB29D5776800F31776 /* Project object */;
}
